
Microsoft Visual Studio Solution File, Format Version 12.00
# Visual Studio Version 16
VisualStudioVersion = 16.0.29209.62
MinimumVisualStudioVersion = 10.0.40219.1
Project("{FAE04EC0-301F-11D3-BF4B-00C04F79EFBC}") = "StateMachine", "src\StateMachine\StateMachine.csproj", "{29675A31-8C86-4504-B699-562B2B0DAF1C}"
EndProject
Project("{FAE04EC0-301F-11D3-BF4B-00C04F79EFBC}") = "StateMachine.Tests", "test\StateMachine.Tests\StateMachine.Tests.csproj", "{2F06D934-E9FC-4A4A-807B-EAD86033100C}"
EndProject
Global
	GlobalSection(SolutionConfigurationPlatforms) = preSolution
		Debug|Any CPU = Debug|Any CPU
		Release|Any CPU = Release|Any CPU
	EndGlobalSection
	GlobalSection(ProjectConfigurationPlatforms) = postSolution
		{29675A31-8C86-4504-B699-562B2B0DAF1C}.Debug|Any CPU.ActiveCfg = Debug|Any CPU
		{29675A31-8C86-4504-B699-562B2B0DAF1C}.Debug|Any CPU.Build.0 = Debug|Any CPU
		{29675A31-8C86-4504-B699-562B2B0DAF1C}.Release|Any CPU.ActiveCfg = Release|Any CPU
		{29675A31-8C86-4504-B699-562B2B0DAF1C}.Release|Any CPU.Build.0 = Release|Any CPU
		{2F06D934-E9FC-4A4A-807B-EAD86033100C}.Debug|Any CPU.ActiveCfg = Debug|Any CPU
		{2F06D934-E9FC-4A4A-807B-EAD86033100C}.Debug|Any CPU.Build.0 = Debug|Any CPU
		{2F06D934-E9FC-4A4A-807B-EAD86033100C}.Release|Any CPU.ActiveCfg = Release|Any CPU
		{2F06D934-E9FC-4A4A-807B-EAD86033100C}.Release|Any CPU.Build.0 = Release|Any CPU
	EndGlobalSection
	GlobalSection(SolutionProperties) = preSolution
		HideSolutionNode = FALSE
	EndGlobalSection
	GlobalSection(ExtensibilityGlobals) = postSolution
		SolutionGuid = {54CE123C-8344-44C6-9386-BA0067E4C017}
	EndGlobalSection
EndGlobal
