
Microsoft Visual Studio Solution File, Format Version 12.00
# Visual Studio Version 16
VisualStudioVersion = 16.0.29209.62
MinimumVisualStudioVersion = 10.0.40219.1
Project("{FAE04EC0-301F-11D3-BF4B-00C04F79EFBC}") = "StateMachine", "src\StateMachine\StateMachine.csproj", "{FF201DDE-A628-47D5-8595-E29ADA07B6A9}"
EndProject
Project("{FAE04EC0-301F-11D3-BF4B-00C04F79EFBC}") = "StateMachineTests", "test\StateMachineTests\StateMachineTests.csproj", "{8CD24879-4041-4BC9-B899-44E0DB29F5FC}"
EndProject
Global
	GlobalSection(SolutionConfigurationPlatforms) = preSolution
		Debug|Any CPU = Debug|Any CPU
		Release|Any CPU = Release|Any CPU
	EndGlobalSection
	GlobalSection(ProjectConfigurationPlatforms) = postSolution
		{FF201DDE-A628-47D5-8595-E29ADA07B6A9}.Debug|Any CPU.ActiveCfg = Debug|Any CPU
		{FF201DDE-A628-47D5-8595-E29ADA07B6A9}.Debug|Any CPU.Build.0 = Debug|Any CPU
		{FF201DDE-A628-47D5-8595-E29ADA07B6A9}.Release|Any CPU.ActiveCfg = Release|Any CPU
		{FF201DDE-A628-47D5-8595-E29ADA07B6A9}.Release|Any CPU.Build.0 = Release|Any CPU
		{8CD24879-4041-4BC9-B899-44E0DB29F5FC}.Debug|Any CPU.ActiveCfg = Debug|Any CPU
		{8CD24879-4041-4BC9-B899-44E0DB29F5FC}.Debug|Any CPU.Build.0 = Debug|Any CPU
		{8CD24879-4041-4BC9-B899-44E0DB29F5FC}.Release|Any CPU.ActiveCfg = Release|Any CPU
		{8CD24879-4041-4BC9-B899-44E0DB29F5FC}.Release|Any CPU.Build.0 = Release|Any CPU
	EndGlobalSection
	GlobalSection(SolutionProperties) = preSolution
		HideSolutionNode = FALSE
	EndGlobalSection
	GlobalSection(ExtensibilityGlobals) = postSolution
		SolutionGuid = {54CE123C-8344-44C6-9386-BA0067E4C017}
	EndGlobalSection
EndGlobal
